
Microsoft Visual Studio Solution File, Format Version 12.00
# Visual Studio Version 17
VisualStudioVersion = 17.5.002.0
MinimumVisualStudioVersion = 10.0.40219.1
Project("{9A19103F-16F7-4668-BE54-9A1E7A4F7556}") = "ifsplunk", "ifsplunk.csproj", "{DDF40BD2-58F1-42B9-ADEB-9A8197FEC0EB}"
EndProject
Global
	GlobalSection(SolutionConfigurationPlatforms) = preSolution
		Debug|Any CPU = Debug|Any CPU
		Release|Any CPU = Release|Any CPU
	EndGlobalSection
	GlobalSection(ProjectConfigurationPlatforms) = postSolution
		{DDF40BD2-58F1-42B9-ADEB-9A8197FEC0EB}.Debug|Any CPU.ActiveCfg = Debug|Any CPU
		{DDF40BD2-58F1-42B9-ADEB-9A8197FEC0EB}.Debug|Any CPU.Build.0 = Debug|Any CPU
		{DDF40BD2-58F1-42B9-ADEB-9A8197FEC0EB}.Release|Any CPU.ActiveCfg = Release|Any CPU
		{DDF40BD2-58F1-42B9-ADEB-9A8197FEC0EB}.Release|Any CPU.Build.0 = Release|Any CPU
	EndGlobalSection
	GlobalSection(SolutionProperties) = preSolution
		HideSolutionNode = FALSE
	EndGlobalSection
	GlobalSection(ExtensibilityGlobals) = postSolution
		SolutionGuid = {6CE2E3A0-EB89-48C9-A7B0-BD29F7C0C1FA}
	EndGlobalSection
EndGlobal
